
Microsoft Visual Studio Solution File, Format Version 12.00
Project("{FAE04EC0-301F-11D3-BF4B-00C04F79EFBC}") = "Academy.Application", "Academy.Application\Academy.Application.csproj", "{48860195-246A-4802-8D84-0CA694213863}"
EndProject
Project("{FAE04EC0-301F-11D3-BF4B-00C04F79EFBC}") = "Academy.Domain", "Academy.Domain\Academy.Domain.csproj", "{1EE037CA-F457-4199-8C04-298D22A421C8}"
EndProject
Project("{FAE04EC0-301F-11D3-BF4B-00C04F79EFBC}") = "Academy.Infrastructure", "Academy.Infrastructure\Academy.Infrastructure.csproj", "{C7BF5C5A-1193-4EBA-BA7E-1C4CB97719AD}"
EndProject
Project("{FAE04EC0-301F-11D3-BF4B-00C04F79EFBC}") = "Academy.Presentation", "Academy.Presentation\Academy.Presentation.csproj", "{89A0F57F-1125-48F8-BCCB-E6CABA556D6A}"
EndProject
Global
	GlobalSection(SolutionConfigurationPlatforms) = preSolution
		Debug|Any CPU = Debug|Any CPU
		Release|Any CPU = Release|Any CPU
	EndGlobalSection
	GlobalSection(ProjectConfigurationPlatforms) = postSolution
		{48860195-246A-4802-8D84-0CA694213863}.Debug|Any CPU.ActiveCfg = Debug|Any CPU
		{48860195-246A-4802-8D84-0CA694213863}.Debug|Any CPU.Build.0 = Debug|Any CPU
		{48860195-246A-4802-8D84-0CA694213863}.Release|Any CPU.ActiveCfg = Release|Any CPU
		{48860195-246A-4802-8D84-0CA694213863}.Release|Any CPU.Build.0 = Release|Any CPU
		{1EE037CA-F457-4199-8C04-298D22A421C8}.Debug|Any CPU.ActiveCfg = Debug|Any CPU
		{1EE037CA-F457-4199-8C04-298D22A421C8}.Debug|Any CPU.Build.0 = Debug|Any CPU
		{1EE037CA-F457-4199-8C04-298D22A421C8}.Release|Any CPU.ActiveCfg = Release|Any CPU
		{1EE037CA-F457-4199-8C04-298D22A421C8}.Release|Any CPU.Build.0 = Release|Any CPU
		{C7BF5C5A-1193-4EBA-BA7E-1C4CB97719AD}.Debug|Any CPU.ActiveCfg = Debug|Any CPU
		{C7BF5C5A-1193-4EBA-BA7E-1C4CB97719AD}.Debug|Any CPU.Build.0 = Debug|Any CPU
		{C7BF5C5A-1193-4EBA-BA7E-1C4CB97719AD}.Release|Any CPU.ActiveCfg = Release|Any CPU
		{C7BF5C5A-1193-4EBA-BA7E-1C4CB97719AD}.Release|Any CPU.Build.0 = Release|Any CPU
		{89A0F57F-1125-48F8-BCCB-E6CABA556D6A}.Debug|Any CPU.ActiveCfg = Debug|Any CPU
		{89A0F57F-1125-48F8-BCCB-E6CABA556D6A}.Debug|Any CPU.Build.0 = Debug|Any CPU
		{89A0F57F-1125-48F8-BCCB-E6CABA556D6A}.Release|Any CPU.ActiveCfg = Release|Any CPU
		{89A0F57F-1125-48F8-BCCB-E6CABA556D6A}.Release|Any CPU.Build.0 = Release|Any CPU
	EndGlobalSection
EndGlobal
