
Microsoft Visual Studio Solution File, Format Version 12.00
# Visual Studio Version 17
VisualStudioVersion = 17.10.35013.160
MinimumVisualStudioVersion = 10.0.40219.1
Project("{FAE04EC0-301F-11D3-BF4B-00C04F79EFBC}") = "Academy.Server", "Academy.Server.csproj", "{5BF1146A-BFD0-4A79-96D6-78DC2A474BAE}"
EndProject
Global
	GlobalSection(SolutionConfigurationPlatforms) = preSolution
		Debug|Any CPU = Debug|Any CPU
		Release|Any CPU = Release|Any CPU
	EndGlobalSection
	GlobalSection(ProjectConfigurationPlatforms) = postSolution
		{5BF1146A-BFD0-4A79-96D6-78DC2A474BAE}.Debug|Any CPU.ActiveCfg = Debug|Any CPU
		{5BF1146A-BFD0-4A79-96D6-78DC2A474BAE}.Debug|Any CPU.Build.0 = Debug|Any CPU
		{5BF1146A-BFD0-4A79-96D6-78DC2A474BAE}.Release|Any CPU.ActiveCfg = Release|Any CPU
		{5BF1146A-BFD0-4A79-96D6-78DC2A474BAE}.Release|Any CPU.Build.0 = Release|Any CPU
	EndGlobalSection
	GlobalSection(SolutionProperties) = preSolution
		HideSolutionNode = FALSE
	EndGlobalSection
	GlobalSection(ExtensibilityGlobals) = postSolution
		SolutionGuid = {C72C3A7A-7CC7-4164-AD56-B6FCB422F7D8}
	EndGlobalSection
EndGlobal
